// !$*UTF8*$!
{
	archiveVersion = 1;
	classes = {
	};
	objectVersion = 56;
	objects = {

/* Begin PBXBuildFile section */
		D010FE032B61094200C61EBE /* EchoDiaryApp.swift in Sources */ = {isa = PBXBuildFile; fileRef = D010FE022B61094200C61EBE /* EchoDiaryApp.swift */; };
		D010FE052B61094200C61EBE /* ContentView.swift in Sources */ = {isa = PBXBuildFile; fileRef = D010FE042B61094200C61EBE /* ContentView.swift */; };
		D010FE072B61094300C61EBE /* Assets.xcassets in Resources */ = {isa = PBXBuildFile; fileRef = D010FE062B61094300C61EBE /* Assets.xcassets */; };
		D010FE0B2B61094300C61EBE /* Preview Assets.xcassets in Resources */ = {isa = PBXBuildFile; fileRef = D010FE0A2B61094300C61EBE /* Preview Assets.xcassets */; };
		D010FE152B61094300C61EBE /* EchoDiaryTests.swift in Sources */ = {isa = PBXBuildFile; fileRef = D010FE142B61094300C61EBE /* EchoDiaryTests.swift */; };
		D010FE1F2B61094300C61EBE /* EchoDiaryUITests.swift in Sources */ = {isa = PBXBuildFile; fileRef = D010FE1E2B61094300C61EBE /* EchoDiaryUITests.swift */; };
		D010FE212B61094300C61EBE /* EchoDiaryUITestsLaunchTests.swift in Sources */ = {isa = PBXBuildFile; fileRef = D010FE202B61094300C61EBE /* EchoDiaryUITestsLaunchTests.swift */; };
		D010FE312B6109D500C61EBE /* Song.swift in Sources */ = {isa = PBXBuildFile; fileRef = D010FE302B6109D500C61EBE /* Song.swift */; };
		D010FE332B610A1000C61EBE /* SongListViewModel.swift in Sources */ = {isa = PBXBuildFile; fileRef = D010FE322B610A1000C61EBE /* SongListViewModel.swift */; };
		D010FE372B6120D900C61EBE /* SongListView.swift in Sources */ = {isa = PBXBuildFile; fileRef = D010FE362B6120D900C61EBE /* SongListView.swift */; };
		D010FE3B2B6153FA00C61EBE /* FavoriteSong.swift in Sources */ = {isa = PBXBuildFile; fileRef = D010FE3A2B6153FA00C61EBE /* FavoriteSong.swift */; };
		D010FE3D2B61575700C61EBE /* FavoriteSongListViewModel.swift in Sources */ = {isa = PBXBuildFile; fileRef = D010FE3C2B61575700C61EBE /* FavoriteSongListViewModel.swift */; };
		D010FE3F2B61577C00C61EBE /* FavoriteSongListView.swift in Sources */ = {isa = PBXBuildFile; fileRef = D010FE3E2B61577C00C61EBE /* FavoriteSongListView.swift */; };
		D010FE412B6166A200C61EBE /* EditFavoriteSongViewModel.swift in Sources */ = {isa = PBXBuildFile; fileRef = D010FE402B6166A200C61EBE /* EditFavoriteSongViewModel.swift */; };
		D010FE432B61674E00C61EBE /* EditFavoriteSongView.swift in Sources */ = {isa = PBXBuildFile; fileRef = D010FE422B61674E00C61EBE /* EditFavoriteSongView.swift */; };
		D0C7248D2B6394F800CFF69C /* debugData.json in Resources */ = {isa = PBXBuildFile; fileRef = D0C7248C2B6394F800CFF69C /* debugData.json */; };
		D0C724902B63962700CFF69C /* FavoriteSongManager.swift in Sources */ = {isa = PBXBuildFile; fileRef = D0C7248F2B63962700CFF69C /* FavoriteSongManager.swift */; };
/* End PBXBuildFile section */

/* Begin PBXContainerItemProxy section */
		D010FE112B61094300C61EBE /* PBXContainerItemProxy */ = {
			isa = PBXContainerItemProxy;
			containerPortal = D010FDF72B61094200C61EBE /* Project object */;
			proxyType = 1;
			remoteGlobalIDString = D010FDFE2B61094200C61EBE;
			remoteInfo = EchoDiary;
		};
		D010FE1B2B61094300C61EBE /* PBXContainerItemProxy */ = {
			isa = PBXContainerItemProxy;
			containerPortal = D010FDF72B61094200C61EBE /* Project object */;
			proxyType = 1;
			remoteGlobalIDString = D010FDFE2B61094200C61EBE;
			remoteInfo = EchoDiary;
		};
/* End PBXContainerItemProxy section */

/* Begin PBXFileReference section */
		D010FDFF2B61094200C61EBE /* EchoDiary.app */ = {isa = PBXFileReference; explicitFileType = wrapper.application; includeInIndex = 0; path = EchoDiary.app; sourceTree = BUILT_PRODUCTS_DIR; };
		D010FE022B61094200C61EBE /* EchoDiaryApp.swift */ = {isa = PBXFileReference; lastKnownFileType = sourcecode.swift; path = EchoDiaryApp.swift; sourceTree = "<group>"; };
		D010FE042B61094200C61EBE /* ContentView.swift */ = {isa = PBXFileReference; lastKnownFileType = sourcecode.swift; path = ContentView.swift; sourceTree = "<group>"; };
		D010FE062B61094300C61EBE /* Assets.xcassets */ = {isa = PBXFileReference; lastKnownFileType = folder.assetcatalog; path = Assets.xcassets; sourceTree = "<group>"; };
		D010FE082B61094300C61EBE /* EchoDiary.entitlements */ = {isa = PBXFileReference; lastKnownFileType = text.plist.entitlements; path = EchoDiary.entitlements; sourceTree = "<group>"; };
		D010FE0A2B61094300C61EBE /* Preview Assets.xcassets */ = {isa = PBXFileReference; lastKnownFileType = folder.assetcatalog; path = "Preview Assets.xcassets"; sourceTree = "<group>"; };
		D010FE102B61094300C61EBE /* EchoDiaryTests.xctest */ = {isa = PBXFileReference; explicitFileType = wrapper.cfbundle; includeInIndex = 0; path = EchoDiaryTests.xctest; sourceTree = BUILT_PRODUCTS_DIR; };
		D010FE142B61094300C61EBE /* EchoDiaryTests.swift */ = {isa = PBXFileReference; lastKnownFileType = sourcecode.swift; path = EchoDiaryTests.swift; sourceTree = "<group>"; };
		D010FE1A2B61094300C61EBE /* EchoDiaryUITests.xctest */ = {isa = PBXFileReference; explicitFileType = wrapper.cfbundle; includeInIndex = 0; path = EchoDiaryUITests.xctest; sourceTree = BUILT_PRODUCTS_DIR; };
		D010FE1E2B61094300C61EBE /* EchoDiaryUITests.swift */ = {isa = PBXFileReference; lastKnownFileType = sourcecode.swift; path = EchoDiaryUITests.swift; sourceTree = "<group>"; };
		D010FE202B61094300C61EBE /* EchoDiaryUITestsLaunchTests.swift */ = {isa = PBXFileReference; lastKnownFileType = sourcecode.swift; path = EchoDiaryUITestsLaunchTests.swift; sourceTree = "<group>"; };
		D010FE302B6109D500C61EBE /* Song.swift */ = {isa = PBXFileReference; lastKnownFileType = sourcecode.swift; path = Song.swift; sourceTree = "<group>"; };
		D010FE322B610A1000C61EBE /* SongListViewModel.swift */ = {isa = PBXFileReference; lastKnownFileType = sourcecode.swift; path = SongListViewModel.swift; sourceTree = "<group>"; };
		D010FE362B6120D900C61EBE /* SongListView.swift */ = {isa = PBXFileReference; lastKnownFileType = sourcecode.swift; path = SongListView.swift; sourceTree = "<group>"; };
		D010FE3A2B6153FA00C61EBE /* FavoriteSong.swift */ = {isa = PBXFileReference; lastKnownFileType = sourcecode.swift; path = FavoriteSong.swift; sourceTree = "<group>"; };
		D010FE3C2B61575700C61EBE /* FavoriteSongListViewModel.swift */ = {isa = PBXFileReference; lastKnownFileType = sourcecode.swift; path = FavoriteSongListViewModel.swift; sourceTree = "<group>"; };
		D010FE3E2B61577C00C61EBE /* FavoriteSongListView.swift */ = {isa = PBXFileReference; lastKnownFileType = sourcecode.swift; path = FavoriteSongListView.swift; sourceTree = "<group>"; };
		D010FE402B6166A200C61EBE /* EditFavoriteSongViewModel.swift */ = {isa = PBXFileReference; lastKnownFileType = sourcecode.swift; path = EditFavoriteSongViewModel.swift; sourceTree = "<group>"; };
		D010FE422B61674E00C61EBE /* EditFavoriteSongView.swift */ = {isa = PBXFileReference; lastKnownFileType = sourcecode.swift; path = EditFavoriteSongView.swift; sourceTree = "<group>"; };
		D0C7248C2B6394F800CFF69C /* debugData.json */ = {isa = PBXFileReference; lastKnownFileType = text.json; path = debugData.json; sourceTree = "<group>"; };
		D0C7248F2B63962700CFF69C /* FavoriteSongManager.swift */ = {isa = PBXFileReference; lastKnownFileType = sourcecode.swift; path = FavoriteSongManager.swift; sourceTree = "<group>"; };
/* End PBXFileReference section */

/* Begin PBXFrameworksBuildPhase section */
		D010FDFC2B61094200C61EBE /* Frameworks */ = {
			isa = PBXFrameworksBuildPhase;
			buildActionMask = 2147483647;
			files = (
			);
			runOnlyForDeploymentPostprocessing = 0;
		};
		D010FE0D2B61094300C61EBE /* Frameworks */ = {
			isa = PBXFrameworksBuildPhase;
			buildActionMask = 2147483647;
			files = (
			);
			runOnlyForDeploymentPostprocessing = 0;
		};
		D010FE172B61094300C61EBE /* Frameworks */ = {
			isa = PBXFrameworksBuildPhase;
			buildActionMask = 2147483647;
			files = (
			);
			runOnlyForDeploymentPostprocessing = 0;
		};
/* End PBXFrameworksBuildPhase section */

/* Begin PBXGroup section */
		D010FDF62B61094200C61EBE = {
			isa = PBXGroup;
			children = (
				D010FE012B61094200C61EBE /* EchoDiary */,
				D010FE132B61094300C61EBE /* EchoDiaryTests */,
				D010FE1D2B61094300C61EBE /* EchoDiaryUITests */,
				D010FE002B61094200C61EBE /* Products */,
			);
			sourceTree = "<group>";
		};
		D010FE002B61094200C61EBE /* Products */ = {
			isa = PBXGroup;
			children = (
				D010FDFF2B61094200C61EBE /* EchoDiary.app */,
				D010FE102B61094300C61EBE /* EchoDiaryTests.xctest */,
				D010FE1A2B61094300C61EBE /* EchoDiaryUITests.xctest */,
			);
			name = Products;
			sourceTree = "<group>";
		};
		D010FE012B61094200C61EBE /* EchoDiary */ = {
			isa = PBXGroup;
			children = (
				D0C7248E2B63960700CFF69C /* utility */,
				D010FE2F2B6109AB00C61EBE /* model */,
				D010FE2E2B6109A100C61EBE /* viewmodel */,
				D010FE022B61094200C61EBE /* EchoDiaryApp.swift */,
				D010FE042B61094200C61EBE /* ContentView.swift */,
				D010FE062B61094300C61EBE /* Assets.xcassets */,
				D010FE082B61094300C61EBE /* EchoDiary.entitlements */,
				D010FE2D2B61098C00C61EBE /* view */,
				D010FE092B61094300C61EBE /* Preview Content */,
			);
			path = EchoDiary;
			sourceTree = "<group>";
		};
		D010FE092B61094300C61EBE /* Preview Content */ = {
			isa = PBXGroup;
			children = (
				D010FE0A2B61094300C61EBE /* Preview Assets.xcassets */,
			);
			path = "Preview Content";
			sourceTree = "<group>";
		};
		D010FE132B61094300C61EBE /* EchoDiaryTests */ = {
			isa = PBXGroup;
			children = (
				D010FE142B61094300C61EBE /* EchoDiaryTests.swift */,
			);
			path = EchoDiaryTests;
			sourceTree = "<group>";
		};
		D010FE1D2B61094300C61EBE /* EchoDiaryUITests */ = {
			isa = PBXGroup;
			children = (
				D010FE1E2B61094300C61EBE /* EchoDiaryUITests.swift */,
				D010FE202B61094300C61EBE /* EchoDiaryUITestsLaunchTests.swift */,
			);
			path = EchoDiaryUITests;
			sourceTree = "<group>";
		};
		D010FE2D2B61098C00C61EBE /* view */ = {
			isa = PBXGroup;
			children = (
				D010FE362B6120D900C61EBE /* SongListView.swift */,
				D010FE3E2B61577C00C61EBE /* FavoriteSongListView.swift */,
				D010FE422B61674E00C61EBE /* EditFavoriteSongView.swift */,
			);
			path = view;
			sourceTree = "<group>";
		};
		D010FE2E2B6109A100C61EBE /* viewmodel */ = {
			isa = PBXGroup;
			children = (
				D010FE322B610A1000C61EBE /* SongListViewModel.swift */,
				D010FE3C2B61575700C61EBE /* FavoriteSongListViewModel.swift */,
				D010FE402B6166A200C61EBE /* EditFavoriteSongViewModel.swift */,
				D0C7248C2B6394F800CFF69C /* debugData.json */,
			);
			path = viewmodel;
			sourceTree = "<group>";
		};
		D010FE2F2B6109AB00C61EBE /* model */ = {
			isa = PBXGroup;
			children = (
				D010FE302B6109D500C61EBE /* Song.swift */,
				D010FE3A2B6153FA00C61EBE /* FavoriteSong.swift */,
			);
			path = model;
			sourceTree = "<group>";
		};
		D0C7248E2B63960700CFF69C /* utility */ = {
			isa = PBXGroup;
			children = (
				D0C7248F2B63962700CFF69C /* FavoriteSongManager.swift */,
			);
			path = utility;
			sourceTree = "<group>";
		};
/* End PBXGroup section */

/* Begin PBXNativeTarget section */
		D010FDFE2B61094200C61EBE /* EchoDiary */ = {
			isa = PBXNativeTarget;
			buildConfigurationList = D010FE242B61094300C61EBE /* Build configuration list for PBXNativeTarget "EchoDiary" */;
			buildPhases = (
				D010FDFB2B61094200C61EBE /* Sources */,
				D010FDFC2B61094200C61EBE /* Frameworks */,
				D010FDFD2B61094200C61EBE /* Resources */,
			);
			buildRules = (
			);
			dependencies = (
			);
			name = EchoDiary;
			productName = EchoDiary;
			productReference = D010FDFF2B61094200C61EBE /* EchoDiary.app */;
			productType = "com.apple.product-type.application";
		};
		D010FE0F2B61094300C61EBE /* EchoDiaryTests */ = {
			isa = PBXNativeTarget;
			buildConfigurationList = D010FE272B61094300C61EBE /* Build configuration list for PBXNativeTarget "EchoDiaryTests" */;
			buildPhases = (
				D010FE0C2B61094300C61EBE /* Sources */,
				D010FE0D2B61094300C61EBE /* Frameworks */,
				D010FE0E2B61094300C61EBE /* Resources */,
			);
			buildRules = (
			);
			dependencies = (
				D010FE122B61094300C61EBE /* PBXTargetDependency */,
			);
			name = EchoDiaryTests;
			productName = EchoDiaryTests;
			productReference = D010FE102B61094300C61EBE /* EchoDiaryTests.xctest */;
			productType = "com.apple.product-type.bundle.unit-test";
		};
		D010FE192B61094300C61EBE /* EchoDiaryUITests */ = {
			isa = PBXNativeTarget;
			buildConfigurationList = D010FE2A2B61094300C61EBE /* Build configuration list for PBXNativeTarget "EchoDiaryUITests" */;
			buildPhases = (
				D010FE162B61094300C61EBE /* Sources */,
				D010FE172B61094300C61EBE /* Frameworks */,
				D010FE182B61094300C61EBE /* Resources */,
			);
			buildRules = (
			);
			dependencies = (
				D010FE1C2B61094300C61EBE /* PBXTargetDependency */,
			);
			name = EchoDiaryUITests;
			productName = EchoDiaryUITests;
			productReference = D010FE1A2B61094300C61EBE /* EchoDiaryUITests.xctest */;
			productType = "com.apple.product-type.bundle.ui-testing";
		};
/* End PBXNativeTarget section */

/* Begin PBXProject section */
		D010FDF72B61094200C61EBE /* Project object */ = {
			isa = PBXProject;
			attributes = {
				BuildIndependentTargetsInParallel = 1;
				LastSwiftUpdateCheck = 1520;
				LastUpgradeCheck = 1520;
				TargetAttributes = {
					D010FDFE2B61094200C61EBE = {
						CreatedOnToolsVersion = 15.2;
					};
					D010FE0F2B61094300C61EBE = {
						CreatedOnToolsVersion = 15.2;
						TestTargetID = D010FDFE2B61094200C61EBE;
					};
					D010FE192B61094300C61EBE = {
						CreatedOnToolsVersion = 15.2;
						TestTargetID = D010FDFE2B61094200C61EBE;
					};
				};
			};
			buildConfigurationList = D010FDFA2B61094200C61EBE /* Build configuration list for PBXProject "EchoDiary" */;
			compatibilityVersion = "Xcode 14.0";
			developmentRegion = en;
			hasScannedForEncodings = 0;
			knownRegions = (
				en,
				Base,
			);
			mainGroup = D010FDF62B61094200C61EBE;
			productRefGroup = D010FE002B61094200C61EBE /* Products */;
			projectDirPath = "";
			projectRoot = "";
			targets = (
				D010FDFE2B61094200C61EBE /* EchoDiary */,
				D010FE0F2B61094300C61EBE /* EchoDiaryTests */,
				D010FE192B61094300C61EBE /* EchoDiaryUITests */,
			);
		};
/* End PBXProject section */

/* Begin PBXResourcesBuildPhase section */
		D010FDFD2B61094200C61EBE /* Resources */ = {
			isa = PBXResourcesBuildPhase;
			buildActionMask = 2147483647;
			files = (
				D010FE0B2B61094300C61EBE /* Preview Assets.xcassets in Resources */,
				D010FE072B61094300C61EBE /* Assets.xcassets in Resources */,
				D0C7248D2B6394F800CFF69C /* debugData.json in Resources */,
			);
			runOnlyForDeploymentPostprocessing = 0;
		};
		D010FE0E2B61094300C61EBE /* Resources */ = {
			isa = PBXResourcesBuildPhase;
			buildActionMask = 2147483647;
			files = (
			);
			runOnlyForDeploymentPostprocessing = 0;
		};
		D010FE182B61094300C61EBE /* Resources */ = {
			isa = PBXResourcesBuildPhase;
			buildActionMask = 2147483647;
			files = (
			);
			runOnlyForDeploymentPostprocessing = 0;
		};
/* End PBXResourcesBuildPhase section */

/* Begin PBXSourcesBuildPhase section */
		D010FDFB2B61094200C61EBE /* Sources */ = {
			isa = PBXSourcesBuildPhase;
			buildActionMask = 2147483647;
			files = (
				D010FE312B6109D500C61EBE /* Song.swift in Sources */,
				D010FE432B61674E00C61EBE /* EditFavoriteSongView.swift in Sources */,
				D010FE412B6166A200C61EBE /* EditFavoriteSongViewModel.swift in Sources */,
				D010FE3D2B61575700C61EBE /* FavoriteSongListViewModel.swift in Sources */,
				D010FE332B610A1000C61EBE /* SongListViewModel.swift in Sources */,
				D0C724902B63962700CFF69C /* FavoriteSongManager.swift in Sources */,
				D010FE3F2B61577C00C61EBE /* FavoriteSongListView.swift in Sources */,
				D010FE052B61094200C61EBE /* ContentView.swift in Sources */,
				D010FE3B2B6153FA00C61EBE /* FavoriteSong.swift in Sources */,
				D010FE032B61094200C61EBE /* EchoDiaryApp.swift in Sources */,
				D010FE372B6120D900C61EBE /* SongListView.swift in Sources */,
			);
			runOnlyForDeploymentPostprocessing = 0;
		};
		D010FE0C2B61094300C61EBE /* Sources */ = {
			isa = PBXSourcesBuildPhase;
			buildActionMask = 2147483647;
			files = (
				D010FE152B61094300C61EBE /* EchoDiaryTests.swift in Sources */,
			);
			runOnlyForDeploymentPostprocessing = 0;
		};
		D010FE162B61094300C61EBE /* Sources */ = {
			isa = PBXSourcesBuildPhase;
			buildActionMask = 2147483647;
			files = (
				D010FE1F2B61094300C61EBE /* EchoDiaryUITests.swift in Sources */,
				D010FE212B61094300C61EBE /* EchoDiaryUITestsLaunchTests.swift in Sources */,
			);
			runOnlyForDeploymentPostprocessing = 0;
		};
/* End PBXSourcesBuildPhase section */

/* Begin PBXTargetDependency section */
		D010FE122B61094300C61EBE /* PBXTargetDependency */ = {
			isa = PBXTargetDependency;
			target = D010FDFE2B61094200C61EBE /* EchoDiary */;
			targetProxy = D010FE112B61094300C61EBE /* PBXContainerItemProxy */;
		};
		D010FE1C2B61094300C61EBE /* PBXTargetDependency */ = {
			isa = PBXTargetDependency;
			target = D010FDFE2B61094200C61EBE /* EchoDiary */;
			targetProxy = D010FE1B2B61094300C61EBE /* PBXContainerItemProxy */;
		};
/* End PBXTargetDependency section */

/* Begin XCBuildConfiguration section */
		D010FE222B61094300C61EBE /* Debug */ = {
			isa = XCBuildConfiguration;
			buildSettings = {
				ALWAYS_SEARCH_USER_PATHS = NO;
				ASSETCATALOG_COMPILER_GENERATE_SWIFT_ASSET_SYMBOL_EXTENSIONS = YES;
				CLANG_ANALYZER_NONNULL = YES;
				CLANG_ANALYZER_NUMBER_OBJECT_CONVERSION = YES_AGGRESSIVE;
				CLANG_CXX_LANGUAGE_STANDARD = "gnu++20";
				CLANG_ENABLE_MODULES = YES;
				CLANG_ENABLE_OBJC_ARC = YES;
				CLANG_ENABLE_OBJC_WEAK = YES;
				CLANG_WARN_BLOCK_CAPTURE_AUTORELEASING = YES;
				CLANG_WARN_BOOL_CONVERSION = YES;
				CLANG_WARN_COMMA = YES;
				CLANG_WARN_CONSTANT_CONVERSION = YES;
				CLANG_WARN_DEPRECATED_OBJC_IMPLEMENTATIONS = YES;
				CLANG_WARN_DIRECT_OBJC_ISA_USAGE = YES_ERROR;
				CLANG_WARN_DOCUMENTATION_COMMENTS = YES;
				CLANG_WARN_EMPTY_BODY = YES;
				CLANG_WARN_ENUM_CONVERSION = YES;
				CLANG_WARN_INFINITE_RECURSION = YES;
				CLANG_WARN_INT_CONVERSION = YES;
				CLANG_WARN_NON_LITERAL_NULL_CONVERSION = YES;
				CLANG_WARN_OBJC_IMPLICIT_RETAIN_SELF = YES;
				CLANG_WARN_OBJC_LITERAL_CONVERSION = YES;
				CLANG_WARN_OBJC_ROOT_CLASS = YES_ERROR;
				CLANG_WARN_QUOTED_INCLUDE_IN_FRAMEWORK_HEADER = YES;
				CLANG_WARN_RANGE_LOOP_ANALYSIS = YES;
				CLANG_WARN_STRICT_PROTOTYPES = YES;
				CLANG_WARN_SUSPICIOUS_MOVE = YES;
				CLANG_WARN_UNGUARDED_AVAILABILITY = YES_AGGRESSIVE;
				CLANG_WARN_UNREACHABLE_CODE = YES;
				CLANG_WARN__DUPLICATE_METHOD_MATCH = YES;
				COPY_PHASE_STRIP = NO;
				DEBUG_INFORMATION_FORMAT = dwarf;
				ENABLE_STRICT_OBJC_MSGSEND = YES;
				ENABLE_TESTABILITY = YES;
				ENABLE_USER_SCRIPT_SANDBOXING = YES;
				GCC_C_LANGUAGE_STANDARD = gnu17;
				GCC_DYNAMIC_NO_PIC = NO;
				GCC_NO_COMMON_BLOCKS = YES;
				GCC_OPTIMIZATION_LEVEL = 0;
				GCC_PREPROCESSOR_DEFINITIONS = (
					"DEBUG=1",
					"$(inherited)",
				);
				GCC_WARN_64_TO_32_BIT_CONVERSION = YES;
				GCC_WARN_ABOUT_RETURN_TYPE = YES_ERROR;
				GCC_WARN_UNDECLARED_SELECTOR = YES;
				GCC_WARN_UNINITIALIZED_AUTOS = YES_AGGRESSIVE;
				GCC_WARN_UNUSED_FUNCTION = YES;
				GCC_WARN_UNUSED_VARIABLE = YES;
				LOCALIZATION_PREFERS_STRING_CATALOGS = YES;
				MTL_ENABLE_DEBUG_INFO = INCLUDE_SOURCE;
				MTL_FAST_MATH = YES;
				ONLY_ACTIVE_ARCH = YES;
				SWIFT_ACTIVE_COMPILATION_CONDITIONS = "DEBUG $(inherited)";
				SWIFT_OPTIMIZATION_LEVEL = "-Onone";
			};
			name = Debug;
		};
		D010FE232B61094300C61EBE /* Release */ = {
			isa = XCBuildConfiguration;
			buildSettings = {
				ALWAYS_SEARCH_USER_PATHS = NO;
				ASSETCATALOG_COMPILER_GENERATE_SWIFT_ASSET_SYMBOL_EXTENSIONS = YES;
				CLANG_ANALYZER_NONNULL = YES;
				CLANG_ANALYZER_NUMBER_OBJECT_CONVERSION = YES_AGGRESSIVE;
				CLANG_CXX_LANGUAGE_STANDARD = "gnu++20";
				CLANG_ENABLE_MODULES = YES;
				CLANG_ENABLE_OBJC_ARC = YES;
				CLANG_ENABLE_OBJC_WEAK = YES;
				CLANG_WARN_BLOCK_CAPTURE_AUTORELEASING = YES;
				CLANG_WARN_BOOL_CONVERSION = YES;
				CLANG_WARN_COMMA = YES;
				CLANG_WARN_CONSTANT_CONVERSION = YES;
				CLANG_WARN_DEPRECATED_OBJC_IMPLEMENTATIONS = YES;
				CLANG_WARN_DIRECT_OBJC_ISA_USAGE = YES_ERROR;
				CLANG_WARN_DOCUMENTATION_COMMENTS = YES;
				CLANG_WARN_EMPTY_BODY = YES;
				CLANG_WARN_ENUM_CONVERSION = YES;
				CLANG_WARN_INFINITE_RECURSION = YES;
				CLANG_WARN_INT_CONVERSION = YES;
				CLANG_WARN_NON_LITERAL_NULL_CONVERSION = YES;
				CLANG_WARN_OBJC_IMPLICIT_RETAIN_SELF = YES;
				CLANG_WARN_OBJC_LITERAL_CONVERSION = YES;
				CLANG_WARN_OBJC_ROOT_CLASS = YES_ERROR;
				CLANG_WARN_QUOTED_INCLUDE_IN_FRAMEWORK_HEADER = YES;
				CLANG_WARN_RANGE_LOOP_ANALYSIS = YES;
				CLANG_WARN_STRICT_PROTOTYPES = YES;
				CLANG_WARN_SUSPICIOUS_MOVE = YES;
				CLANG_WARN_UNGUARDED_AVAILABILITY = YES_AGGRESSIVE;
				CLANG_WARN_UNREACHABLE_CODE = YES;
				CLANG_WARN__DUPLICATE_METHOD_MATCH = YES;
				COPY_PHASE_STRIP = NO;
				DEBUG_INFORMATION_FORMAT = "dwarf-with-dsym";
				ENABLE_NS_ASSERTIONS = NO;
				ENABLE_STRICT_OBJC_MSGSEND = YES;
				ENABLE_USER_SCRIPT_SANDBOXING = YES;
				GCC_C_LANGUAGE_STANDARD = gnu17;
				GCC_NO_COMMON_BLOCKS = YES;
				GCC_WARN_64_TO_32_BIT_CONVERSION = YES;
				GCC_WARN_ABOUT_RETURN_TYPE = YES_ERROR;
				GCC_WARN_UNDECLARED_SELECTOR = YES;
				GCC_WARN_UNINITIALIZED_AUTOS = YES_AGGRESSIVE;
				GCC_WARN_UNUSED_FUNCTION = YES;
				GCC_WARN_UNUSED_VARIABLE = YES;
				LOCALIZATION_PREFERS_STRING_CATALOGS = YES;
				MTL_ENABLE_DEBUG_INFO = NO;
				MTL_FAST_MATH = YES;
				SWIFT_COMPILATION_MODE = wholemodule;
			};
			name = Release;
		};
		D010FE252B61094300C61EBE /* Debug */ = {
			isa = XCBuildConfiguration;
			buildSettings = {
				ASSETCATALOG_COMPILER_APPICON_NAME = AppIcon;
				ASSETCATALOG_COMPILER_GLOBAL_ACCENT_COLOR_NAME = AccentColor;
				CODE_SIGN_ENTITLEMENTS = EchoDiary/EchoDiary.entitlements;
				CODE_SIGN_STYLE = Automatic;
				CURRENT_PROJECT_VERSION = 1;
				DEVELOPMENT_ASSET_PATHS = "\"EchoDiary/Preview Content\"";
				DEVELOPMENT_TEAM = 55S64JU9HY;
				ENABLE_PREVIEWS = YES;
				GENERATE_INFOPLIST_FILE = YES;
				"INFOPLIST_KEY_UIApplicationSceneManifest_Generation[sdk=iphoneos*]" = YES;
				"INFOPLIST_KEY_UIApplicationSceneManifest_Generation[sdk=iphonesimulator*]" = YES;
				"INFOPLIST_KEY_UIApplicationSupportsIndirectInputEvents[sdk=iphoneos*]" = YES;
				"INFOPLIST_KEY_UIApplicationSupportsIndirectInputEvents[sdk=iphonesimulator*]" = YES;
				"INFOPLIST_KEY_UILaunchScreen_Generation[sdk=iphoneos*]" = YES;
				"INFOPLIST_KEY_UILaunchScreen_Generation[sdk=iphonesimulator*]" = YES;
				"INFOPLIST_KEY_UIStatusBarStyle[sdk=iphoneos*]" = UIStatusBarStyleDefault;
				"INFOPLIST_KEY_UIStatusBarStyle[sdk=iphonesimulator*]" = UIStatusBarStyleDefault;
				INFOPLIST_KEY_UISupportedInterfaceOrientations_iPad = "UIInterfaceOrientationPortrait UIInterfaceOrientationPortraitUpsideDown UIInterfaceOrientationLandscapeLeft UIInterfaceOrientationLandscapeRight";
				INFOPLIST_KEY_UISupportedInterfaceOrientations_iPhone = "UIInterfaceOrientationPortrait UIInterfaceOrientationLandscapeLeft UIInterfaceOrientationLandscapeRight";
				IPHONEOS_DEPLOYMENT_TARGET = 17.2;
				LD_RUNPATH_SEARCH_PATHS = "@executable_path/Frameworks";
				"LD_RUNPATH_SEARCH_PATHS[sdk=macosx*]" = "@executable_path/../Frameworks";
				MACOSX_DEPLOYMENT_TARGET = 14.0;
				MARKETING_VERSION = 1.0;
				PRODUCT_BUNDLE_IDENTIFIER = echodiary.EchoDiary;
				PRODUCT_NAME = "$(TARGET_NAME)";
				SDKROOT = auto;
				SUPPORTED_PLATFORMS = "iphoneos iphonesimulator macosx";
				SWIFT_EMIT_LOC_STRINGS = YES;
				SWIFT_VERSION = 5.0;
				TARGETED_DEVICE_FAMILY = "1,2";
			};
			name = Debug;
		};
		D010FE262B61094300C61EBE /* Release */ = {
			isa = XCBuildConfiguration;
			buildSettings = {
				ASSETCATALOG_COMPILER_APPICON_NAME = AppIcon;
				ASSETCATALOG_COMPILER_GLOBAL_ACCENT_COLOR_NAME = AccentColor;
				CODE_SIGN_ENTITLEMENTS = EchoDiary/EchoDiary.entitlements;
				CODE_SIGN_STYLE = Automatic;
				CURRENT_PROJECT_VERSION = 1;
				DEVELOPMENT_ASSET_PATHS = "\"EchoDiary/Preview Content\"";
				DEVELOPMENT_TEAM = 55S64JU9HY;
				ENABLE_PREVIEWS = YES;
				GENERATE_INFOPLIST_FILE = YES;
				"INFOPLIST_KEY_UIApplicationSceneManifest_Generation[sdk=iphoneos*]" = YES;
				"INFOPLIST_KEY_UIApplicationSceneManifest_Generation[sdk=iphonesimulator*]" = YES;
				"INFOPLIST_KEY_UIApplicationSupportsIndirectInputEvents[sdk=iphoneos*]" = YES;
				"INFOPLIST_KEY_UIApplicationSupportsIndirectInputEvents[sdk=iphonesimulator*]" = YES;
				"INFOPLIST_KEY_UILaunchScreen_Generation[sdk=iphoneos*]" = YES;
				"INFOPLIST_KEY_UILaunchScreen_Generation[sdk=iphonesimulator*]" = YES;
				"INFOPLIST_KEY_UIStatusBarStyle[sdk=iphoneos*]" = UIStatusBarStyleDefault;
				"INFOPLIST_KEY_UIStatusBarStyle[sdk=iphonesimulator*]" = UIStatusBarStyleDefault;
				INFOPLIST_KEY_UISupportedInterfaceOrientations_iPad = "UIInterfaceOrientationPortrait UIInterfaceOrientationPortraitUpsideDown UIInterfaceOrientationLandscapeLeft UIInterfaceOrientationLandscapeRight";
				INFOPLIST_KEY_UISupportedInterfaceOrientations_iPhone = "UIInterfaceOrientationPortrait UIInterfaceOrientationLandscapeLeft UIInterfaceOrientationLandscapeRight";
				IPHONEOS_DEPLOYMENT_TARGET = 17.2;
				LD_RUNPATH_SEARCH_PATHS = "@executable_path/Frameworks";
				"LD_RUNPATH_SEARCH_PATHS[sdk=macosx*]" = "@executable_path/../Frameworks";
				MACOSX_DEPLOYMENT_TARGET = 14.0;
				MARKETING_VERSION = 1.0;
				PRODUCT_BUNDLE_IDENTIFIER = echodiary.EchoDiary;
				PRODUCT_NAME = "$(TARGET_NAME)";
				SDKROOT = auto;
				SUPPORTED_PLATFORMS = "iphoneos iphonesimulator macosx";
				SWIFT_EMIT_LOC_STRINGS = YES;
				SWIFT_VERSION = 5.0;
				TARGETED_DEVICE_FAMILY = "1,2";
			};
			name = Release;
		};
		D010FE282B61094300C61EBE /* Debug */ = {
			isa = XCBuildConfiguration;
			buildSettings = {
				ALWAYS_EMBED_SWIFT_STANDARD_LIBRARIES = YES;
				BUNDLE_LOADER = "$(TEST_HOST)";
				CODE_SIGN_STYLE = Automatic;
				CURRENT_PROJECT_VERSION = 1;
				GENERATE_INFOPLIST_FILE = YES;
				IPHONEOS_DEPLOYMENT_TARGET = 17.2;
				MACOSX_DEPLOYMENT_TARGET = 14.0;
				MARKETING_VERSION = 1.0;
				PRODUCT_BUNDLE_IDENTIFIER = echodiary.EchoDiaryTests;
				PRODUCT_NAME = "$(TARGET_NAME)";
				SDKROOT = auto;
				SUPPORTED_PLATFORMS = "iphoneos iphonesimulator macosx";
				SWIFT_EMIT_LOC_STRINGS = NO;
				SWIFT_VERSION = 5.0;
				TARGETED_DEVICE_FAMILY = "1,2";
				TEST_HOST = "$(BUILT_PRODUCTS_DIR)/EchoDiary.app/$(BUNDLE_EXECUTABLE_FOLDER_PATH)/EchoDiary";
			};
			name = Debug;
		};
		D010FE292B61094300C61EBE /* Release */ = {
			isa = XCBuildConfiguration;
			buildSettings = {
				ALWAYS_EMBED_SWIFT_STANDARD_LIBRARIES = YES;
				BUNDLE_LOADER = "$(TEST_HOST)";
				CODE_SIGN_STYLE = Automatic;
				CURRENT_PROJECT_VERSION = 1;
				GENERATE_INFOPLIST_FILE = YES;
				IPHONEOS_DEPLOYMENT_TARGET = 17.2;
				MACOSX_DEPLOYMENT_TARGET = 14.0;
				MARKETING_VERSION = 1.0;
				PRODUCT_BUNDLE_IDENTIFIER = echodiary.EchoDiaryTests;
				PRODUCT_NAME = "$(TARGET_NAME)";
				SDKROOT = auto;
				SUPPORTED_PLATFORMS = "iphoneos iphonesimulator macosx";
				SWIFT_EMIT_LOC_STRINGS = NO;
				SWIFT_VERSION = 5.0;
				TARGETED_DEVICE_FAMILY = "1,2";
				TEST_HOST = "$(BUILT_PRODUCTS_DIR)/EchoDiary.app/$(BUNDLE_EXECUTABLE_FOLDER_PATH)/EchoDiary";
			};
			name = Release;
		};
		D010FE2B2B61094300C61EBE /* Debug */ = {
			isa = XCBuildConfiguration;
			buildSettings = {
				ALWAYS_EMBED_SWIFT_STANDARD_LIBRARIES = YES;
				CODE_SIGN_STYLE = Automatic;
				CURRENT_PROJECT_VERSION = 1;
				GENERATE_INFOPLIST_FILE = YES;
				IPHONEOS_DEPLOYMENT_TARGET = 17.2;
				MACOSX_DEPLOYMENT_TARGET = 14.0;
				MARKETING_VERSION = 1.0;
				PRODUCT_BUNDLE_IDENTIFIER = echodiary.EchoDiaryUITests;
				PRODUCT_NAME = "$(TARGET_NAME)";
				SDKROOT = auto;
				SUPPORTED_PLATFORMS = "iphoneos iphonesimulator macosx";
				SWIFT_EMIT_LOC_STRINGS = NO;
				SWIFT_VERSION = 5.0;
				TARGETED_DEVICE_FAMILY = "1,2";
				TEST_TARGET_NAME = EchoDiary;
			};
			name = Debug;
		};
		D010FE2C2B61094300C61EBE /* Release */ = {
			isa = XCBuildConfiguration;
			buildSettings = {
				ALWAYS_EMBED_SWIFT_STANDARD_LIBRARIES = YES;
				CODE_SIGN_STYLE = Automatic;
				CURRENT_PROJECT_VERSION = 1;
				GENERATE_INFOPLIST_FILE = YES;
				IPHONEOS_DEPLOYMENT_TARGET = 17.2;
				MACOSX_DEPLOYMENT_TARGET = 14.0;
				MARKETING_VERSION = 1.0;
				PRODUCT_BUNDLE_IDENTIFIER = echodiary.EchoDiaryUITests;
				PRODUCT_NAME = "$(TARGET_NAME)";
				SDKROOT = auto;
				SUPPORTED_PLATFORMS = "iphoneos iphonesimulator macosx";
				SWIFT_EMIT_LOC_STRINGS = NO;
				SWIFT_VERSION = 5.0;
				TARGETED_DEVICE_FAMILY = "1,2";
				TEST_TARGET_NAME = EchoDiary;
			};
			name = Release;
		};
/* End XCBuildConfiguration section */

/* Begin XCConfigurationList section */
		D010FDFA2B61094200C61EBE /* Build configuration list for PBXProject "EchoDiary" */ = {
			isa = XCConfigurationList;
			buildConfigurations = (
				D010FE222B61094300C61EBE /* Debug */,
				D010FE232B61094300C61EBE /* Release */,
			);
			defaultConfigurationIsVisible = 0;
			defaultConfigurationName = Release;
		};
		D010FE242B61094300C61EBE /* Build configuration list for PBXNativeTarget "EchoDiary" */ = {
			isa = XCConfigurationList;
			buildConfigurations = (
				D010FE252B61094300C61EBE /* Debug */,
				D010FE262B61094300C61EBE /* Release */,
			);
			defaultConfigurationIsVisible = 0;
			defaultConfigurationName = Release;
		};
		D010FE272B61094300C61EBE /* Build configuration list for PBXNativeTarget "EchoDiaryTests" */ = {
			isa = XCConfigurationList;
			buildConfigurations = (
				D010FE282B61094300C61EBE /* Debug */,
				D010FE292B61094300C61EBE /* Release */,
			);
			defaultConfigurationIsVisible = 0;
			defaultConfigurationName = Release;
		};
		D010FE2A2B61094300C61EBE /* Build configuration list for PBXNativeTarget "EchoDiaryUITests" */ = {
			isa = XCConfigurationList;
			buildConfigurations = (
				D010FE2B2B61094300C61EBE /* Debug */,
				D010FE2C2B61094300C61EBE /* Release */,
			);
			defaultConfigurationIsVisible = 0;
			defaultConfigurationName = Release;
		};
/* End XCConfigurationList section */
	};
	rootObject = D010FDF72B61094200C61EBE /* Project object */;
}
